
Microsoft Visual Studio Solution File, Format Version 12.00
# Visual Studio Version 16
VisualStudioVersion = 16.0.32228.343
MinimumVisualStudioVersion = 10.0.40219.1
Project("{9A19103F-16F7-4668-BE54-9A1E7A4F7556}") = "Business", "Business\Business.csproj", "{3057EA93-919C-4F48-8802-D500B3F66836}"
EndProject
Project("{9A19103F-16F7-4668-BE54-9A1E7A4F7556}") = "DataAccess", "DataAccess\DataAccess.csproj", "{FDDE874F-712F-474C-864C-2ABA691CEDCB}"
EndProject
Project("{9A19103F-16F7-4668-BE54-9A1E7A4F7556}") = "Entities", "Entities\Entities.csproj", "{6DBC992B-DE00-4F93-83DC-4AAE63D17551}"
EndProject
Project("{9A19103F-16F7-4668-BE54-9A1E7A4F7556}") = "Core", "Core\Core.csproj", "{C9B647E5-3195-4DF7-838C-D61D4FABD4FE}"
EndProject
Global
	GlobalSection(SolutionConfigurationPlatforms) = preSolution
		Debug|Any CPU = Debug|Any CPU
		Release|Any CPU = Release|Any CPU
	EndGlobalSection
	GlobalSection(ProjectConfigurationPlatforms) = postSolution
		{3057EA93-919C-4F48-8802-D500B3F66836}.Debug|Any CPU.ActiveCfg = Debug|Any CPU
		{3057EA93-919C-4F48-8802-D500B3F66836}.Debug|Any CPU.Build.0 = Debug|Any CPU
		{3057EA93-919C-4F48-8802-D500B3F66836}.Release|Any CPU.ActiveCfg = Release|Any CPU
		{3057EA93-919C-4F48-8802-D500B3F66836}.Release|Any CPU.Build.0 = Release|Any CPU
		{FDDE874F-712F-474C-864C-2ABA691CEDCB}.Debug|Any CPU.ActiveCfg = Debug|Any CPU
		{FDDE874F-712F-474C-864C-2ABA691CEDCB}.Debug|Any CPU.Build.0 = Debug|Any CPU
		{FDDE874F-712F-474C-864C-2ABA691CEDCB}.Release|Any CPU.ActiveCfg = Release|Any CPU
		{FDDE874F-712F-474C-864C-2ABA691CEDCB}.Release|Any CPU.Build.0 = Release|Any CPU
		{6DBC992B-DE00-4F93-83DC-4AAE63D17551}.Debug|Any CPU.ActiveCfg = Debug|Any CPU
		{6DBC992B-DE00-4F93-83DC-4AAE63D17551}.Debug|Any CPU.Build.0 = Debug|Any CPU
		{6DBC992B-DE00-4F93-83DC-4AAE63D17551}.Release|Any CPU.ActiveCfg = Release|Any CPU
		{6DBC992B-DE00-4F93-83DC-4AAE63D17551}.Release|Any CPU.Build.0 = Release|Any CPU
		{C9B647E5-3195-4DF7-838C-D61D4FABD4FE}.Debug|Any CPU.ActiveCfg = Debug|Any CPU
		{C9B647E5-3195-4DF7-838C-D61D4FABD4FE}.Debug|Any CPU.Build.0 = Debug|Any CPU
		{C9B647E5-3195-4DF7-838C-D61D4FABD4FE}.Release|Any CPU.ActiveCfg = Release|Any CPU
		{C9B647E5-3195-4DF7-838C-D61D4FABD4FE}.Release|Any CPU.Build.0 = Release|Any CPU
	EndGlobalSection
	GlobalSection(SolutionProperties) = preSolution
		HideSolutionNode = FALSE
	EndGlobalSection
	GlobalSection(ExtensibilityGlobals) = postSolution
		SolutionGuid = {46DCBA2E-615B-4BCC-B985-3A2898725121}
	EndGlobalSection
EndGlobal
